
Microsoft Visual Studio Solution File, Format Version 12.00
# Visual Studio Version 16
VisualStudioVersion = 16.0.32602.291
MinimumVisualStudioVersion = 10.0.40219.1
Project("{FAE04EC0-301F-11D3-BF4B-00C04F79EFBC}") = "Formulario_2", "Formulario_2.csproj", "{B4665173-28B3-4AEC-A4D0-42ADC65436E4}"
EndProject
Global
	GlobalSection(SolutionConfigurationPlatforms) = preSolution
		Debug|Any CPU = Debug|Any CPU
		Release|Any CPU = Release|Any CPU
	EndGlobalSection
	GlobalSection(ProjectConfigurationPlatforms) = postSolution
		{B4665173-28B3-4AEC-A4D0-42ADC65436E4}.Debug|Any CPU.ActiveCfg = Debug|Any CPU
		{B4665173-28B3-4AEC-A4D0-42ADC65436E4}.Debug|Any CPU.Build.0 = Debug|Any CPU
		{B4665173-28B3-4AEC-A4D0-42ADC65436E4}.Release|Any CPU.ActiveCfg = Release|Any CPU
		{B4665173-28B3-4AEC-A4D0-42ADC65436E4}.Release|Any CPU.Build.0 = Release|Any CPU
	EndGlobalSection
	GlobalSection(SolutionProperties) = preSolution
		HideSolutionNode = FALSE
	EndGlobalSection
	GlobalSection(ExtensibilityGlobals) = postSolution
		SolutionGuid = {2E9CDF4E-F3A1-4400-9B84-B9B58CDEA6D0}
	EndGlobalSection
EndGlobal
